
Microsoft Visual Studio Solution File, Format Version 12.00
# Visual Studio Version 16
VisualStudioVersion = 16.0.30621.155
MinimumVisualStudioVersion = 10.0.40219.1
Project("{9A19103F-16F7-4668-BE54-9A1E7A4F7556}") = "WebApplication2", "WebApplication2\WebApplication2.csproj", "{BA0E0C47-7985-483E-9811-9B3678DAFED8}"
EndProject
Project("{FAE04EC0-301F-11D3-BF4B-00C04F79EFBC}") = "Data", "Data\Data.csproj", "{99F21F4E-2DA7-4E62-A436-B907EEC821CD}"
EndProject
Global
	GlobalSection(SolutionConfigurationPlatforms) = preSolution
		Debug|Any CPU = Debug|Any CPU
		Release|Any CPU = Release|Any CPU
	EndGlobalSection
	GlobalSection(ProjectConfigurationPlatforms) = postSolution
		{BA0E0C47-7985-483E-9811-9B3678DAFED8}.Debug|Any CPU.ActiveCfg = Debug|Any CPU
		{BA0E0C47-7985-483E-9811-9B3678DAFED8}.Debug|Any CPU.Build.0 = Debug|Any CPU
		{BA0E0C47-7985-483E-9811-9B3678DAFED8}.Release|Any CPU.ActiveCfg = Release|Any CPU
		{BA0E0C47-7985-483E-9811-9B3678DAFED8}.Release|Any CPU.Build.0 = Release|Any CPU
		{99F21F4E-2DA7-4E62-A436-B907EEC821CD}.Debug|Any CPU.ActiveCfg = Debug|Any CPU
		{99F21F4E-2DA7-4E62-A436-B907EEC821CD}.Debug|Any CPU.Build.0 = Debug|Any CPU
		{99F21F4E-2DA7-4E62-A436-B907EEC821CD}.Release|Any CPU.ActiveCfg = Release|Any CPU
		{99F21F4E-2DA7-4E62-A436-B907EEC821CD}.Release|Any CPU.Build.0 = Release|Any CPU
	EndGlobalSection
	GlobalSection(SolutionProperties) = preSolution
		HideSolutionNode = FALSE
	EndGlobalSection
	GlobalSection(ExtensibilityGlobals) = postSolution
		SolutionGuid = {7CF9FBAC-2835-48D4-BA76-9776DBB801D0}
	EndGlobalSection
EndGlobal
