
Microsoft Visual Studio Solution File, Format Version 12.00
# Visual Studio Version 16
VisualStudioVersion = 16.0.29424.173
MinimumVisualStudioVersion = 10.0.40219.1
Project("{FAE04EC0-301F-11D3-BF4B-00C04F79EFBC}") = "Vjezba21102020", "Vjezba21102020\Vjezba21102020.csproj", "{981EB007-EC3F-4619-A540-C1F638096C9E}"
EndProject
Global
	GlobalSection(SolutionConfigurationPlatforms) = preSolution
		Debug|Any CPU = Debug|Any CPU
		Release|Any CPU = Release|Any CPU
	EndGlobalSection
	GlobalSection(ProjectConfigurationPlatforms) = postSolution
		{981EB007-EC3F-4619-A540-C1F638096C9E}.Debug|Any CPU.ActiveCfg = Debug|Any CPU
		{981EB007-EC3F-4619-A540-C1F638096C9E}.Debug|Any CPU.Build.0 = Debug|Any CPU
		{981EB007-EC3F-4619-A540-C1F638096C9E}.Release|Any CPU.ActiveCfg = Release|Any CPU
		{981EB007-EC3F-4619-A540-C1F638096C9E}.Release|Any CPU.Build.0 = Release|Any CPU
	EndGlobalSection
	GlobalSection(SolutionProperties) = preSolution
		HideSolutionNode = FALSE
	EndGlobalSection
	GlobalSection(ExtensibilityGlobals) = postSolution
		SolutionGuid = {4E5714DC-7E05-48D5-8F06-E935D777F209}
	EndGlobalSection
EndGlobal
